# THIS IS AN AUTOGENERATED FILE. DO NOT EDIT THIS FILE DIRECTLY.
# yarn lockfile v1


moment@^2.29.1:
  version "2.29.1"
  resolved "https://registry.yarnpkg.com/moment/-/moment-2.29.1.tgz#b2be769fa31940be9eeea6469c075e35006fa3d3"
  integrity sha512-kHmoybcPV8Sqy59DwNDY3Jefr64lK/by/da0ViFcuA4DH0vQg5Q6Ze5VimxkfQNSC+Mls/Kx53s7TjP1RhFEDQ==

pubsub-js@^1.9.2:
  version "1.9.2"
  resolved "https://registry.yarnpkg.com/pubsub-js/-/pubsub-js-1.9.2.tgz#4d01fe4df7d1957efa681f6338ebc9ba11b7ef3a"
  integrity sha512-t+djzDvEKv4GoP5nPJ5Ar5h+4MrwPw+C9/9l75GV8TzO49HezXnxR1G6E/QJZdE2EDsXRNMu6O9MFjpjkSV7zg==
